<?xml version="1.0" encoding="utf-8"?>
<Project ToolsVersion="4.0" xmlns="http://schemas.microsoft.com/developer/msbuild/2003">
  <ItemGroup>
    <Filter Include="Source Files">
      <UniqueIdentifier>{4FC737F1-C7A5-4376-A066-2A32D752A2FF}</UniqueIdentifier>
      <Extensions>cpp;c;cc;cxx;def;odl;idl;hpj;bat;asm;asmx</Extensions>
    </Filter>
    <Filter Include="Shader Files">
      <UniqueIdentifier>{93995380-89BD-4b04-88EB-625FBE52EBFB}</UniqueIdentifier>
      <Extensions>h;hpp;hxx;hm;inl;inc;xsd</Extensions>
    </Filter>
    <Filter Include="Frontend Files">
      <UniqueIdentifier>{34aaaf29-9ca5-4ffe-82a7-e294ec27ed0f}</UniqueIdentifier>
    </Filter>
    <Filter Include="Source Files\utils">
      <UniqueIdentifier>{6441a637-b79b-4cf3-9206-8890e2f57c2d}</UniqueIdentifier>
    </Filter>
    <Filter Include="Source Files\memory">
      <UniqueIdentifier>{4d908d5b-68b1-4077-8d95-0d05cfaac03b}</UniqueIdentifier>
    </Filter>
    <Filter Include="Source Files\gui">
      <UniqueIdentifier>{3f57f7f0-2655-43d4-ac29-417e83fab620}</UniqueIdentifier>
    </Filter>
    <Filter Include="Source Files\gui\freetype">
      <UniqueIdentifier>{2230fb6c-868b-42b1-a073-f5da05f7bfa4}</UniqueIdentifier>
    </Filter>
    <Filter Include="pathfinder">
      <UniqueIdentifier>{64036904-448a-4aae-b0f6-555ca9f7c706}</UniqueIdentifier>
    </Filter>
  </ItemGroup>
  <ItemGroup>
    <ClCompile Include="GameObject.cpp">
      <Filter>Source Files</Filter>
    </ClCompile>
    <ClCompile Include="Texture.cpp">
      <Filter>Source Files</Filter>
    </ClCompile>
    <ClCompile Include="VertexBuffer.cpp">
      <Filter>Source Files</Filter>
    </ClCompile>
    <ClCompile Include="FrameBuffer.cpp">
      <Filter>Source Files</Filter>
    </ClCompile>
    <ClCompile Include="Input.cpp">
      <Filter>Source Files</Filter>
    </ClCompile>
    <ClCompile Include="Timer.cpp">
      <Filter>Source Files</Filter>
    </ClCompile>
    <ClCompile Include="main.cpp">
      <Filter>Frontend Files</Filter>
    </ClCompile>
    <ClCompile Include="Image.cpp">
      <Filter>Source Files</Filter>
    </ClCompile>
    <ClCompile Include="GLDraw.cpp">
      <Filter>Source Files</Filter>
    </ClCompile>
    <ClCompile Include="Vector234.cpp">
      <Filter>Source Files</Filter>
    </ClCompile>
    <ClCompile Include="dynamic_pool.cpp">
      <Filter>Source Files</Filter>
    </ClCompile>
    <ClCompile Include="utils\fnv.cpp">
      <Filter>Source Files\utils</Filter>
    </ClCompile>
    <ClCompile Include="utils\token.cpp">
      <Filter>Source Files\utils</Filter>
    </ClCompile>
    <ClCompile Include="utils\utf8.cpp">
      <Filter>Source Files\utils</Filter>
    </ClCompile>
    <ClCompile Include="memory\smart_ptr.cpp">
      <Filter>Source Files\memory</Filter>
    </ClCompile>
    <ClCompile Include="gui\freetype\DistanceField.cpp">
      <Filter>Source Files\gui\freetype</Filter>
    </ClCompile>
    <ClCompile Include="gui\freetype\edtaa3.cpp">
      <Filter>Source Files\gui\freetype</Filter>
    </ClCompile>
    <ClCompile Include="gui\freetype\FontBufferImage.cpp">
      <Filter>Source Files\gui\freetype</Filter>
    </ClCompile>
    <ClCompile Include="gui\freetype\FontFace.cpp">
      <Filter>Source Files\gui\freetype</Filter>
    </ClCompile>
    <ClCompile Include="gui\freetype\FontGlyphAtlas.cpp">
      <Filter>Source Files\gui\freetype</Filter>
    </ClCompile>
    <ClCompile Include="gui\GuiObject.cpp">
      <Filter>Source Files\gui</Filter>
    </ClCompile>
    <ClCompile Include="gui\freetype\FreeType.cpp">
      <Filter>Source Files\gui\freetype</Filter>
    </ClCompile>
    <ClCompile Include="utils\console.cpp">
      <Filter>Source Files\utils</Filter>
    </ClCompile>
    <ClCompile Include="utils\file_io.cpp">
      <Filter>Source Files\utils</Filter>
    </ClCompile>
    <ClCompile Include="ShaderProgram.cpp">
      <Filter>Source Files</Filter>
    </ClCompile>
    <ClCompile Include="pathfinder\PathfinderTest.cpp">
      <Filter>pathfinder</Filter>
    </ClCompile>
    <ClCompile Include="pathfinder\PathfinderAstar.cpp">
      <Filter>pathfinder</Filter>
    </ClCompile>
    <ClCompile Include="pathfinder\AstarGrid.cpp">
      <Filter>pathfinder</Filter>
    </ClCompile>
  </ItemGroup>
  <ItemGroup>
    <ClInclude Include="Texture.h">
      <Filter>Source Files</Filter>
    </ClInclude>
    <ClInclude Include="VertexBuffer.h">
      <Filter>Source Files</Filter>
    </ClInclude>
    <ClInclude Include="FrameBuffer.h">
      <Filter>Source Files</Filter>
    </ClInclude>
    <ClInclude Include="Basetypes.h">
      <Filter>Source Files</Filter>
    </ClInclude>
    <ClInclude Include="Input.h">
      <Filter>Source Files</Filter>
    </ClInclude>
    <ClInclude Include="Timer.h">
      <Filter>Source Files</Filter>
    </ClInclude>
    <ClInclude Include="GameObject.h">
      <Filter>Source Files</Filter>
    </ClInclude>
    <ClInclude Include="Image.h">
      <Filter>Source Files</Filter>
    </ClInclude>
    <ClInclude Include="GLDraw.h">
      <Filter>Source Files</Filter>
    </ClInclude>
    <ClInclude Include="Vector234.h">
      <Filter>Source Files</Filter>
    </ClInclude>
    <ClInclude Include="dynamic_pool.h">
      <Filter>Source Files</Filter>
    </ClInclude>
    <ClInclude Include="MathEx.h">
      <Filter>Source Files</Filter>
    </ClInclude>
    <ClInclude Include="utils\fnv.h">
      <Filter>Source Files\utils</Filter>
    </ClInclude>
    <ClInclude Include="utils\token.h">
      <Filter>Source Files\utils</Filter>
    </ClInclude>
    <ClInclude Include="utils\utf8.h">
      <Filter>Source Files\utils</Filter>
    </ClInclude>
    <ClInclude Include="memory\smart_ptr.h">
      <Filter>Source Files\memory</Filter>
    </ClInclude>
    <ClInclude Include="gui\freetype\DistanceField.h">
      <Filter>Source Files\gui\freetype</Filter>
    </ClInclude>
    <ClInclude Include="gui\freetype\edtaa3.h">
      <Filter>Source Files\gui\freetype</Filter>
    </ClInclude>
    <ClInclude Include="gui\freetype\FontFace.h">
      <Filter>Source Files\gui\freetype</Filter>
    </ClInclude>
    <ClInclude Include="gui\GuiObject.h">
      <Filter>Source Files\gui</Filter>
    </ClInclude>
    <ClInclude Include="gui\freetype\FreeType.h">
      <Filter>Source Files\gui\freetype</Filter>
    </ClInclude>
    <ClInclude Include="gui\freetype.h">
      <Filter>Source Files\gui</Filter>
    </ClInclude>
    <ClInclude Include="utils\console.h">
      <Filter>Source Files\utils</Filter>
    </ClInclude>
    <ClInclude Include="utils\file_io.h">
      <Filter>Source Files\utils</Filter>
    </ClInclude>
    <ClInclude Include="utils\binary_reader.h">
      <Filter>Source Files\utils</Filter>
    </ClInclude>
    <ClInclude Include="utils\binary_writer.h">
      <Filter>Source Files\utils</Filter>
    </ClInclude>
    <ClInclude Include="ShaderProgram.h">
      <Filter>Source Files</Filter>
    </ClInclude>
    <ClInclude Include="pathfinder\PathfinderAstar.h">
      <Filter>pathfinder</Filter>
    </ClInclude>
    <ClInclude Include="pathfinder\PathfinderTest.h">
      <Filter>pathfinder</Filter>
    </ClInclude>
    <ClInclude Include="pathfinder\AstarNode.h">
      <Filter>pathfinder</Filter>
    </ClInclude>
    <ClInclude Include="pathfinder\AstarGrid.h">
      <Filter>pathfinder</Filter>
    </ClInclude>
    <ClInclude Include="pathfinder\AstarContainers.h">
      <Filter>pathfinder</Filter>
    </ClInclude>
  </ItemGroup>
  <ItemGroup>
    <None Include="bin\data\guicolor.fp.hlsl">
      <Filter>Shader Files</Filter>
    </None>
    <None Include="bin\data\guicolor.vp.hlsl">
      <Filter>Shader Files</Filter>
    </None>
    <None Include="bin\data\guitext.fp.hlsl">
      <Filter>Shader Files</Filter>
    </None>
    <None Include="bin\data\guitext.vp.hlsl">
      <Filter>Shader Files</Filter>
    </None>
    <None Include="bin\data\postprocess.fp.hlsl">
      <Filter>Shader Files</Filter>
    </None>
    <None Include="bin\data\postprocess.vp.hlsl">
      <Filter>Shader Files</Filter>
    </None>
    <None Include="bin\data\simple.fp.hlsl">
      <Filter>Shader Files</Filter>
    </None>
    <None Include="bin\data\simple.vp.hlsl">
      <Filter>Shader Files</Filter>
    </None>
    <None Include="bin\data\sdftext.fp.hlsl">
      <Filter>Shader Files</Filter>
    </None>
    <None Include="bin\data\sdftext.vp.hlsl">
      <Filter>Shader Files</Filter>
    </None>
  </ItemGroup>
</Project>